{
  "name": "ppr-web-workspace",
  "version": "0.1.0",
  "lockfileVersion": 3,
  "requires": true,
  "packages": {
    "": {
      "name": "ppr-web-workspace",
      "version": "0.1.0",
      "dependencies": {
        "pnpm": "^10.33.2"
      },
      "devDependencies": {
        "typescript": "^6.0.2"
      }
    },
    "node_modules/pnpm": {
      "version": "10.33.2",
      "resolved": "https://registry.npmjs.org/pnpm/-/pnpm-10.33.2.tgz",
      "integrity": "sha512-qQ+vb+6rca1sblf5Tg/hoS9dzCLNdU20CulZPraj4LaxLjVAIYuzeuCDQEsfLObbKkEh6XmCm0r/lLmfSdoc+A==",
      "license": "MIT",
      "bin": {
        "pnpm": "bin/pnpm.cjs",
        "pnpx": "bin/pnpx.cjs"
      },
      "engines": {
        "node": ">=18.12"
      },
      "funding": {
        "url": "https://opencollective.com/pnpm"
      }
    },
    "node_modules/typescript": {
      "version": "6.0.2",
      "resolved": "https://registry.npmjs.org/typescript/-/typescript-6.0.2.tgz",
      "integrity": "sha512-bGdAIrZ0wiGDo5l8c++HWtbaNCWTS4UTv7RaTH/ThVIgjkveJt83m74bBHMJkuCbslY8ixgLBVZJIOiQlQTjfQ==",
      "dev": true,
      "license": "Apache-2.0",
      "bin": {
        "tsc": "bin/tsc",
        "tsserver": "bin/tsserver"
      },
      "engines": {
        "node": ">=14.17"
      }
    }
  }
}
